
Microsoft Visual Studio Solution File, Format Version 12.00
# Visual Studio Version 16
VisualStudioVersion = 16.0.29905.134
MinimumVisualStudioVersion = 10.0.40219.1
Project("{9A19103F-16F7-4668-BE54-9A1E7A4F7556}") = "Endowdly.Utility", "Endowdly.Utility.csproj", "{C3F032C7-4AA2-4933-9323-D73027B13B21}"
EndProject
Global
	GlobalSection(SolutionConfigurationPlatforms) = preSolution
		Debug|Any CPU = Debug|Any CPU
		Release|Any CPU = Release|Any CPU
	EndGlobalSection
	GlobalSection(ProjectConfigurationPlatforms) = postSolution
		{C3F032C7-4AA2-4933-9323-D73027B13B21}.Debug|Any CPU.ActiveCfg = Debug|Any CPU
		{C3F032C7-4AA2-4933-9323-D73027B13B21}.Debug|Any CPU.Build.0 = Debug|Any CPU
		{C3F032C7-4AA2-4933-9323-D73027B13B21}.Release|Any CPU.ActiveCfg = Release|Any CPU
		{C3F032C7-4AA2-4933-9323-D73027B13B21}.Release|Any CPU.Build.0 = Release|Any CPU
	EndGlobalSection
	GlobalSection(SolutionProperties) = preSolution
		HideSolutionNode = FALSE
	EndGlobalSection
	GlobalSection(ExtensibilityGlobals) = postSolution
		SolutionGuid = {2D9885DC-A739-4506-BECD-5233C482AD0C}
	EndGlobalSection
EndGlobal
